
Microsoft Visual Studio Solution File, Format Version 12.00
# Visual Studio 14
VisualStudioVersion = 14.0.25123.0
MinimumVisualStudioVersion = 10.0.40219.1
Project("{FAE04EC0-301F-11D3-BF4B-00C04F79EFBC}") = "CobSpecServerTest", "CobSpecServerTest\CobSpecServerTest.csproj", "{C5A25463-E6CD-4AC1-A024-442278D6C524}"
EndProject
Project("{FAE04EC0-301F-11D3-BF4B-00C04F79EFBC}") = "CobSpecServer", "CobSpecServer\CobSpecServer.csproj", "{14E1F88D-727D-48C2-8EEB-EB3FE1BDC03C}"
EndProject
Project("{FAE04EC0-301F-11D3-BF4B-00C04F79EFBC}") = "ServerClassLibrary", "ServerClassLibrary\ServerClassLibrary.csproj", "{88AE1994-A063-4932-8FAD-362404BECB98}"
EndProject
Project("{FAE04EC0-301F-11D3-BF4B-00C04F79EFBC}") = "ServerClassLibraryTest", "ServerClassLibraryTest\ServerClassLibraryTest.csproj", "{42DC8C58-0CE6-46A1-9BAD-ED4B8DCECED4}"
EndProject
Project("{FAE04EC0-301F-11D3-BF4B-00C04F79EFBC}") = "BasicServerTest", "BasicServerTest\BasicServerTest.csproj", "{34009150-E2A5-4B39-B371-3132A7DCB007}"
EndProject
Project("{FAE04EC0-301F-11D3-BF4B-00C04F79EFBC}") = "BasicServer", "BasicServer\BasicServer.csproj", "{150C857A-11CF-4DBC-8743-619307A92EAA}"
EndProject
Global
	GlobalSection(SolutionConfigurationPlatforms) = preSolution
		Debug|Any CPU = Debug|Any CPU
		Release|Any CPU = Release|Any CPU
	EndGlobalSection
	GlobalSection(ProjectConfigurationPlatforms) = postSolution
		{C5A25463-E6CD-4AC1-A024-442278D6C524}.Debug|Any CPU.ActiveCfg = Debug|Any CPU
		{C5A25463-E6CD-4AC1-A024-442278D6C524}.Debug|Any CPU.Build.0 = Debug|Any CPU
		{C5A25463-E6CD-4AC1-A024-442278D6C524}.Release|Any CPU.ActiveCfg = Release|Any CPU
		{C5A25463-E6CD-4AC1-A024-442278D6C524}.Release|Any CPU.Build.0 = Release|Any CPU
		{14E1F88D-727D-48C2-8EEB-EB3FE1BDC03C}.Debug|Any CPU.ActiveCfg = Release|Any CPU
		{14E1F88D-727D-48C2-8EEB-EB3FE1BDC03C}.Debug|Any CPU.Build.0 = Release|Any CPU
		{14E1F88D-727D-48C2-8EEB-EB3FE1BDC03C}.Release|Any CPU.ActiveCfg = Release|Any CPU
		{14E1F88D-727D-48C2-8EEB-EB3FE1BDC03C}.Release|Any CPU.Build.0 = Release|Any CPU
		{88AE1994-A063-4932-8FAD-362404BECB98}.Debug|Any CPU.ActiveCfg = Debug|Any CPU
		{88AE1994-A063-4932-8FAD-362404BECB98}.Debug|Any CPU.Build.0 = Debug|Any CPU
		{88AE1994-A063-4932-8FAD-362404BECB98}.Release|Any CPU.ActiveCfg = Release|Any CPU
		{88AE1994-A063-4932-8FAD-362404BECB98}.Release|Any CPU.Build.0 = Release|Any CPU
		{42DC8C58-0CE6-46A1-9BAD-ED4B8DCECED4}.Debug|Any CPU.ActiveCfg = Debug|Any CPU
		{42DC8C58-0CE6-46A1-9BAD-ED4B8DCECED4}.Debug|Any CPU.Build.0 = Debug|Any CPU
		{42DC8C58-0CE6-46A1-9BAD-ED4B8DCECED4}.Release|Any CPU.ActiveCfg = Release|Any CPU
		{42DC8C58-0CE6-46A1-9BAD-ED4B8DCECED4}.Release|Any CPU.Build.0 = Release|Any CPU
		{34009150-E2A5-4B39-B371-3132A7DCB007}.Debug|Any CPU.ActiveCfg = Debug|Any CPU
		{34009150-E2A5-4B39-B371-3132A7DCB007}.Debug|Any CPU.Build.0 = Debug|Any CPU
		{34009150-E2A5-4B39-B371-3132A7DCB007}.Release|Any CPU.ActiveCfg = Release|Any CPU
		{34009150-E2A5-4B39-B371-3132A7DCB007}.Release|Any CPU.Build.0 = Release|Any CPU
		{150C857A-11CF-4DBC-8743-619307A92EAA}.Debug|Any CPU.ActiveCfg = Release|Any CPU
		{150C857A-11CF-4DBC-8743-619307A92EAA}.Debug|Any CPU.Build.0 = Release|Any CPU
		{150C857A-11CF-4DBC-8743-619307A92EAA}.Release|Any CPU.ActiveCfg = Release|Any CPU
		{150C857A-11CF-4DBC-8743-619307A92EAA}.Release|Any CPU.Build.0 = Release|Any CPU
	EndGlobalSection
	GlobalSection(SolutionProperties) = preSolution
		HideSolutionNode = FALSE
	EndGlobalSection
EndGlobal
